PODS:
  - MapboxCommon (23.3.0-beta.1)
  - MapboxCoreMaps (10.11.0-beta.1):
    - MapboxCommon (~> 23.3.0-beta)
  - MapboxCoreNavigation (2.10.0-beta.2):
    - MapboxDirections-pre (= 2.9.0-rc.2)
    - MapboxMobileEvents (~> 1.0)
    - MapboxNavigationNative (~> 124.0)
  - MapboxDirections-pre (2.9.0-rc.2):
    - Polyline (~> 5.0)
    - Turf (~> 2.6.1)
  - MapboxMaps (10.11.0-beta.1):
    - MapboxCommon (= 23.3.0-beta.1)
    - MapboxCoreMaps (= 10.11.0-beta.1)
    - MapboxMobileEvents (= 1.0.10)
    - Turf (~> 2.0)
  - MapboxMobileEvents (1.0.10)
  - MapboxNavigation (2.10.0-beta.2):
    - MapboxCoreNavigation (= 2.10.0-beta.2)
    - MapboxMaps (= 10.11.0-beta.1)
    - MapboxMobileEvents (~> 1.0)
    - MapboxSpeech (~> 2.0)
    - Solar-dev (~> 3.0)
  - MapboxNavigationNative (124.0.0):
    - MapboxCommon (~> 23.3.0-beta.1)
  - MapboxSpeech (2.1.1)
  - Polyline (5.1.0)
  - Solar-dev (3.0.1)
  - Turf (2.6.1)

DEPENDENCIES:
  - MapboxCoreNavigation (from `../../../`)
  - MapboxNavigation (from `../../../`)

SPEC REPOS:
  trunk:
    - MapboxCommon
    - MapboxCoreMaps
    - MapboxDirections-pre
    - MapboxMaps
    - MapboxMobileEvents
    - MapboxNavigationNative
    - MapboxSpeech
    - Polyline
    - Solar-dev
    - Turf

EXTERNAL SOURCES:
  MapboxCoreNavigation:
    :path: "../../../"
  MapboxNavigation:
    :path: "../../../"

SPEC CHECKSUMS:
  MapboxCommon: 672a965248a61c71441719600d0425f546e96b39
  MapboxCoreMaps: dc808848e0aa35a203cf64b0e286ea2ee05a663d
  MapboxCoreNavigation: faab641d02e4a6ceeb337f39274b91f3027b1e7a
  MapboxDirections-pre: 140113d2251ca97dac655b5244f857f1eafd562e
  MapboxMaps: fcf19ee46a2dbf1b39a8c205f6cd045f4a83a213
  MapboxMobileEvents: de50b3a4de180dd129c326e09cd12c8adaaa46d6
  MapboxNavigation: 5be28edecd9dae992c05c39a45c4721ea604539a
  MapboxNavigationNative: ad3d8460c040fcc687d6eb3aaba9da675b61b687
  MapboxSpeech: cd25ef99c3a3d2e0da72620ff558276ea5991a77
  Polyline: 2a1f29f87f8d9b7de868940f4f76deb8c678a5b1
  Solar-dev: 4612dc9878b9fed2667d23b327f1d4e54e16e8d0
  Turf: 469ce2c3d22e5e8e4818d5a3b254699a5c89efa4

PODFILE CHECKSUM: 20f356205cc7a366d6b3c177155b683e2d62b354

COCOAPODS: 1.11.3
